// !$*UTF8*$!
{
	archiveVersion = 1;
	classes = {
	};
	objectVersion = 48;
	objects = {

/* Begin PBXBuildFile section */
		843AD9131F9387D900C787A1 /* AppDelegate.m in Sources */ = {isa = PBXBuildFile; fileRef = 843AD9121F9387D900C787A1 /* AppDelegate.m */; };
		843AD9191F9387D900C787A1 /* Main.storyboard in Resources */ = {isa = PBXBuildFile; fileRef = 843AD9171F9387D900C787A1 /* Main.storyboard */; };
		843AD91E1F9387D900C787A1 /* Assets.xcassets in Resources */ = {isa = PBXBuildFile; fileRef = 843AD91D1F9387D900C787A1 /* Assets.xcassets */; };
		843AD9211F9387D900C787A1 /* LaunchScreen.storyboard in Resources */ = {isa = PBXBuildFile; fileRef = 843AD91F1F9387D900C787A1 /* LaunchScreen.storyboard */; };
		843AD9241F9387D900C787A1 /* main.m in Sources */ = {isa = PBXBuildFile; fileRef = 843AD9231F9387D900C787A1 /* main.m */; };
		843AD92C1F9388CA00C787A1 /* CoreDataHelper.m in Sources */ = {isa = PBXBuildFile; fileRef = 843AD92B1F9388CA00C787A1 /* CoreDataHelper.m */; };
		843AD9301F9389AB00C787A1 /* CoreData.framework in Frameworks */ = {isa = PBXBuildFile; fileRef = 843AD92F1F9389AB00C787A1 /* CoreData.framework */; };
		B40E31311F95DCB800A0A6F5 /* Amount+CoreDataClass.m in Sources */ = {isa = PBXBuildFile; fileRef = B40E312E1F95DCB800A0A6F5 /* Amount+CoreDataClass.m */; };
		B40E31321F95DCB800A0A6F5 /* Amount+CoreDataProperties.m in Sources */ = {isa = PBXBuildFile; fileRef = B40E31301F95DCB800A0A6F5 /* Amount+CoreDataProperties.m */; };
		B40E31341F95DD2C00A0A6F5 /* Model2Model3.xcmappingmodel in Sources */ = {isa = PBXBuildFile; fileRef = B40E31331F95DD2C00A0A6F5 /* Model2Model3.xcmappingmodel */; };
		B40E313A1F95E4C700A0A6F5 /* MigrationVC.m in Sources */ = {isa = PBXBuildFile; fileRef = B40E31391F95E4C700A0A6F5 /* MigrationVC.m */; };
		B40E31431F97017D00A0A6F5 /* Model3toModel4.xcmappingmodel in Sources */ = {isa = PBXBuildFile; fileRef = B40E31421F97017D00A0A6F5 /* Model3toModel4.xcmappingmodel */; };
		B40E4C061F97583A00EB215D /* GroceryDude.xcdatamodeld in Sources */ = {isa = PBXBuildFile; fileRef = B40E4BFF1F97583A00EB215D /* GroceryDude.xcdatamodeld */; };
		B40E4C631F98468100EB215D /* CoreDataTVC.m in Sources */ = {isa = PBXBuildFile; fileRef = B40E4C621F98468100EB215D /* CoreDataTVC.m */; };
		B40E4C661F98552600EB215D /* PrepareTVC.m in Sources */ = {isa = PBXBuildFile; fileRef = B40E4C651F98552600EB215D /* PrepareTVC.m */; };
		B40E4C7B1F98A52E00EB215D /* Item+CoreDataClass.m in Sources */ = {isa = PBXBuildFile; fileRef = B40E4C681F98A52E00EB215D /* Item+CoreDataClass.m */; };
		B40E4C7C1F98A52E00EB215D /* Item+CoreDataProperties.m in Sources */ = {isa = PBXBuildFile; fileRef = B40E4C6A1F98A52E00EB215D /* Item+CoreDataProperties.m */; };
		B40E4C7D1F98A52E00EB215D /* Unit+CoreDataClass.m in Sources */ = {isa = PBXBuildFile; fileRef = B40E4C6C1F98A52E00EB215D /* Unit+CoreDataClass.m */; };
		B40E4C7E1F98A52E00EB215D /* Unit+CoreDataProperties.m in Sources */ = {isa = PBXBuildFile; fileRef = B40E4C6E1F98A52E00EB215D /* Unit+CoreDataProperties.m */; };
		B40E4C7F1F98A52E00EB215D /* LocationAtHome+CoreDataClass.m in Sources */ = {isa = PBXBuildFile; fileRef = B40E4C701F98A52E00EB215D /* LocationAtHome+CoreDataClass.m */; };
		B40E4C801F98A52E00EB215D /* LocationAtHome+CoreDataProperties.m in Sources */ = {isa = PBXBuildFile; fileRef = B40E4C721F98A52E00EB215D /* LocationAtHome+CoreDataProperties.m */; };
		B40E4C811F98A52E00EB215D /* Location+CoreDataClass.m in Sources */ = {isa = PBXBuildFile; fileRef = B40E4C741F98A52E00EB215D /* Location+CoreDataClass.m */; };
		B40E4C821F98A52E00EB215D /* Location+CoreDataProperties.m in Sources */ = {isa = PBXBuildFile; fileRef = B40E4C761F98A52E00EB215D /* Location+CoreDataProperties.m */; };
		B40E4C831F98A52E00EB215D /* LocationAtShop+CoreDataClass.m in Sources */ = {isa = PBXBuildFile; fileRef = B40E4C781F98A52E00EB215D /* LocationAtShop+CoreDataClass.m */; };
		B40E4C841F98A52E00EB215D /* LocationAtShop+CoreDataProperties.m in Sources */ = {isa = PBXBuildFile; fileRef = B40E4C7A1F98A52E00EB215D /* LocationAtShop+CoreDataProperties.m */; };
		B45513F51FAB0EAA00E103A4 /* UnitPickerTF.m in Sources */ = {isa = PBXBuildFile; fileRef = B45513F41FAB0EAA00E103A4 /* UnitPickerTF.m */; };
		B45513F81FAB1C1F00E103A4 /* LocationAtHomePickerTF.m in Sources */ = {isa = PBXBuildFile; fileRef = B45513F71FAB1C1F00E103A4 /* LocationAtHomePickerTF.m */; };
		B45513FB1FAB1C3400E103A4 /* LocationAtShopPickerTF.m in Sources */ = {isa = PBXBuildFile; fileRef = B45513FA1FAB1C3400E103A4 /* LocationAtShopPickerTF.m */; };
		B45D96E91F9477A000E12922 /* Measurement+CoreDataClass.m in Sources */ = {isa = PBXBuildFile; fileRef = B45D96E61F9477A000E12922 /* Measurement+CoreDataClass.m */; };
		B45D96EA1F9477A000E12922 /* Measurement+CoreDataProperties.m in Sources */ = {isa = PBXBuildFile; fileRef = B45D96E81F9477A000E12922 /* Measurement+CoreDataProperties.m */; };
		B46C93041FA7255900F7C9EA /* CoreDataPickerTF.m in Sources */ = {isa = PBXBuildFile; fileRef = B46C93031FA7255900F7C9EA /* CoreDataPickerTF.m */; };
		B4BE43C71FA42DDD00B5AF07 /* ShopTVC.m in Sources */ = {isa = PBXBuildFile; fileRef = B4BE43C61FA42DDD00B5AF07 /* ShopTVC.m */; };
		B4BE43CA1FA474C800B5AF07 /* ItemVC.m in Sources */ = {isa = PBXBuildFile; fileRef = B4BE43C91FA474C800B5AF07 /* ItemVC.m */; };
		B4BE43CD1FA5FEDA00B5AF07 /* UnitsTVC.m in Sources */ = {isa = PBXBuildFile; fileRef = B4BE43CC1FA5FEDA00B5AF07 /* UnitsTVC.m */; };
		B4BE43D11FA6027600B5AF07 /* UnitVC.m in Sources */ = {isa = PBXBuildFile; fileRef = B4BE43D01FA6027600B5AF07 /* UnitVC.m */; };
		B4BE43D71FA61AF200B5AF07 /* LocationAtHomeVC.m in Sources */ = {isa = PBXBuildFile; fileRef = B4BE43D61FA61AF200B5AF07 /* LocationAtHomeVC.m */; };
		B4BE43DA1FA61B0C00B5AF07 /* LocationAtHomeTVC.m in Sources */ = {isa = PBXBuildFile; fileRef = B4BE43D91FA61B0C00B5AF07 /* LocationAtHomeTVC.m */; };
		B4BE43DD1FA61B2000B5AF07 /* LocationAtShopTVC.m in Sources */ = {isa = PBXBuildFile; fileRef = B4BE43DC1FA61B2000B5AF07 /* LocationAtShopTVC.m */; };
		B4BE43E01FA61B3900B5AF07 /* LocationAtShopVC.m in Sources */ = {isa = PBXBuildFile; fileRef = B4BE43DF1FA61B3900B5AF07 /* LocationAtShopVC.m */; };
/* End PBXBuildFile section */

/* Begin PBXFileReference section */
		843AD90E1F9387D900C787A1 /* GroceryDude.app */ = {isa = PBXFileReference; explicitFileType = wrapper.application; includeInIndex = 0; path = GroceryDude.app; sourceTree = BUILT_PRODUCTS_DIR; };
		843AD9111F9387D900C787A1 /* AppDelegate.h */ = {isa = PBXFileReference; lastKnownFileType = sourcecode.c.h; path = AppDelegate.h; sourceTree = "<group>"; };
		843AD9121F9387D900C787A1 /* AppDelegate.m */ = {isa = PBXFileReference; lastKnownFileType = sourcecode.c.objc; path = AppDelegate.m; sourceTree = "<group>"; };
		843AD9181F9387D900C787A1 /* Base */ = {isa = PBXFileReference; lastKnownFileType = file.storyboard; name = Base; path = Base.lproj/Main.storyboard; sourceTree = "<group>"; };
		843AD91D1F9387D900C787A1 /* Assets.xcassets */ = {isa = PBXFileReference; lastKnownFileType = folder.assetcatalog; path = Assets.xcassets; sourceTree = "<group>"; };
		843AD9201F9387D900C787A1 /* Base */ = {isa = PBXFileReference; lastKnownFileType = file.storyboard; name = Base; path = Base.lproj/LaunchScreen.storyboard; sourceTree = "<group>"; };
		843AD9221F9387D900C787A1 /* Info.plist */ = {isa = PBXFileReference; lastKnownFileType = text.plist.xml; path = Info.plist; sourceTree = "<group>"; };
		843AD9231F9387D900C787A1 /* main.m */ = {isa = PBXFileReference; lastKnownFileType = sourcecode.c.objc; path = main.m; sourceTree = "<group>"; };
		843AD92A1F9388CA00C787A1 /* CoreDataHelper.h */ = {isa = PBXFileReference; lastKnownFileType = sourcecode.c.h; path = CoreDataHelper.h; sourceTree = "<group>"; };
		843AD92B1F9388CA00C787A1 /* CoreDataHelper.m */ = {isa = PBXFileReference; lastKnownFileType = sourcecode.c.objc; path = CoreDataHelper.m; sourceTree = "<group>"; };
		843AD92F1F9389AB00C787A1 /* CoreData.framework */ = {isa = PBXFileReference; lastKnownFileType = wrapper.framework; name = CoreData.framework; path = System/Library/Frameworks/CoreData.framework; sourceTree = SDKROOT; };
		B40E312D1F95DCB800A0A6F5 /* Amount+CoreDataClass.h */ = {isa = PBXFileReference; lastKnownFileType = sourcecode.c.h; path = "Amount+CoreDataClass.h"; sourceTree = "<group>"; };
		B40E312E1F95DCB800A0A6F5 /* Amount+CoreDataClass.m */ = {isa = PBXFileReference; lastKnownFileType = sourcecode.c.objc; path = "Amount+CoreDataClass.m"; sourceTree = "<group>"; };
		B40E312F1F95DCB800A0A6F5 /* Amount+CoreDataProperties.h */ = {isa = PBXFileReference; lastKnownFileType = sourcecode.c.h; path = "Amount+CoreDataProperties.h"; sourceTree = "<group>"; };
		B40E31301F95DCB800A0A6F5 /* Amount+CoreDataProperties.m */ = {isa = PBXFileReference; lastKnownFileType = sourcecode.c.objc; path = "Amount+CoreDataProperties.m"; sourceTree = "<group>"; };
		B40E31331F95DD2C00A0A6F5 /* Model2Model3.xcmappingmodel */ = {isa = PBXFileReference; lastKnownFileType = wrapper.xcmappingmodel; path = Model2Model3.xcmappingmodel; sourceTree = "<group>"; };
		B40E31381F95E4C700A0A6F5 /* MigrationVC.h */ = {isa = PBXFileReference; lastKnownFileType = sourcecode.c.h; path = MigrationVC.h; sourceTree = "<group>"; };
		B40E31391F95E4C700A0A6F5 /* MigrationVC.m */ = {isa = PBXFileReference; lastKnownFileType = sourcecode.c.objc; path = MigrationVC.m; sourceTree = "<group>"; };
		B40E31421F97017D00A0A6F5 /* Model3toModel4.xcmappingmodel */ = {isa = PBXFileReference; lastKnownFileType = wrapper.xcmappingmodel; path = Model3toModel4.xcmappingmodel; sourceTree = "<group>"; };
		B40E4C001F97583A00EB215D /* GroceryDude 2.xcdatamodel */ = {isa = PBXFileReference; lastKnownFileType = wrapper.xcdatamodel; path = "GroceryDude 2.xcdatamodel"; sourceTree = "<group>"; };
		B40E4C011F97583A00EB215D /* GroceryDude 3.xcdatamodel */ = {isa = PBXFileReference; lastKnownFileType = wrapper.xcdatamodel; path = "GroceryDude 3.xcdatamodel"; sourceTree = "<group>"; };
		B40E4C021F97583A00EB215D /* GroceryDude 4.xcdatamodel */ = {isa = PBXFileReference; lastKnownFileType = wrapper.xcdatamodel; path = "GroceryDude 4.xcdatamodel"; sourceTree = "<group>"; };
		B40E4C031F97583A00EB215D /* GroceryDude 5.xcdatamodel */ = {isa = PBXFileReference; lastKnownFileType = wrapper.xcdatamodel; path = "GroceryDude 5.xcdatamodel"; sourceTree = "<group>"; };
		B40E4C041F97583A00EB215D /* GroceryDude 6.xcdatamodel */ = {isa = PBXFileReference; lastKnownFileType = wrapper.xcdatamodel; path = "GroceryDude 6.xcdatamodel"; sourceTree = "<group>"; };
		B40E4C051F97583A00EB215D /* GroceryDude.xcdatamodel */ = {isa = PBXFileReference; lastKnownFileType = wrapper.xcdatamodel; path = GroceryDude.xcdatamodel; sourceTree = "<group>"; };
		B40E4C611F98468100EB215D /* CoreDataTVC.h */ = {isa = PBXFileReference; lastKnownFileType = sourcecode.c.h; path = CoreDataTVC.h; sourceTree = "<group>"; };
		B40E4C621F98468100EB215D /* CoreDataTVC.m */ = {isa = PBXFileReference; lastKnownFileType = sourcecode.c.objc; path = CoreDataTVC.m; sourceTree = "<group>"; };
		B40E4C641F98552600EB215D /* PrepareTVC.h */ = {isa = PBXFileReference; lastKnownFileType = sourcecode.c.h; path = PrepareTVC.h; sourceTree = "<group>"; };
		B40E4C651F98552600EB215D /* PrepareTVC.m */ = {isa = PBXFileReference; lastKnownFileType = sourcecode.c.objc; path = PrepareTVC.m; sourceTree = "<group>"; };
		B40E4C671F98A52E00EB215D /* Item+CoreDataClass.h */ = {isa = PBXFileReference; lastKnownFileType = sourcecode.c.h; path = "Item+CoreDataClass.h"; sourceTree = "<group>"; };
		B40E4C681F98A52E00EB215D /* Item+CoreDataClass.m */ = {isa = PBXFileReference; lastKnownFileType = sourcecode.c.objc; path = "Item+CoreDataClass.m"; sourceTree = "<group>"; };
		B40E4C691F98A52E00EB215D /* Item+CoreDataProperties.h */ = {isa = PBXFileReference; lastKnownFileType = sourcecode.c.h; path = "Item+CoreDataProperties.h"; sourceTree = "<group>"; };
		B40E4C6A1F98A52E00EB215D /* Item+CoreDataProperties.m */ = {isa = PBXFileReference; lastKnownFileType = sourcecode.c.objc; path = "Item+CoreDataProperties.m"; sourceTree = "<group>"; };
		B40E4C6B1F98A52E00EB215D /* Unit+CoreDataClass.h */ = {isa = PBXFileReference; lastKnownFileType = sourcecode.c.h; path = "Unit+CoreDataClass.h"; sourceTree = "<group>"; };
		B40E4C6C1F98A52E00EB215D /* Unit+CoreDataClass.m */ = {isa = PBXFileReference; lastKnownFileType = sourcecode.c.objc; path = "Unit+CoreDataClass.m"; sourceTree = "<group>"; };
		B40E4C6D1F98A52E00EB215D /* Unit+CoreDataProperties.h */ = {isa = PBXFileReference; lastKnownFileType = sourcecode.c.h; path = "Unit+CoreDataProperties.h"; sourceTree = "<group>"; };
		B40E4C6E1F98A52E00EB215D /* Unit+CoreDataProperties.m */ = {isa = PBXFileReference; lastKnownFileType = sourcecode.c.objc; path = "Unit+CoreDataProperties.m"; sourceTree = "<group>"; };
		B40E4C6F1F98A52E00EB215D /* LocationAtHome+CoreDataClass.h */ = {isa = PBXFileReference; lastKnownFileType = sourcecode.c.h; path = "LocationAtHome+CoreDataClass.h"; sourceTree = "<group>"; };
		B40E4C701F98A52E00EB215D /* LocationAtHome+CoreDataClass.m */ = {isa = PBXFileReference; lastKnownFileType = sourcecode.c.objc; path = "LocationAtHome+CoreDataClass.m"; sourceTree = "<group>"; };
		B40E4C711F98A52E00EB215D /* LocationAtHome+CoreDataProperties.h */ = {isa = PBXFileReference; lastKnownFileType = sourcecode.c.h; path = "LocationAtHome+CoreDataProperties.h"; sourceTree = "<group>"; };
		B40E4C721F98A52E00EB215D /* LocationAtHome+CoreDataProperties.m */ = {isa = PBXFileReference; lastKnownFileType = sourcecode.c.objc; path = "LocationAtHome+CoreDataProperties.m"; sourceTree = "<group>"; };
		B40E4C731F98A52E00EB215D /* Location+CoreDataClass.h */ = {isa = PBXFileReference; lastKnownFileType = sourcecode.c.h; path = "Location+CoreDataClass.h"; sourceTree = "<group>"; };
		B40E4C741F98A52E00EB215D /* Location+CoreDataClass.m */ = {isa = PBXFileReference; lastKnownFileType = sourcecode.c.objc; path = "Location+CoreDataClass.m"; sourceTree = "<group>"; };
		B40E4C751F98A52E00EB215D /* Location+CoreDataProperties.h */ = {isa = PBXFileReference; lastKnownFileType = sourcecode.c.h; path = "Location+CoreDataProperties.h"; sourceTree = "<group>"; };
		B40E4C761F98A52E00EB215D /* Location+CoreDataProperties.m */ = {isa = PBXFileReference; lastKnownFileType = sourcecode.c.objc; path = "Location+CoreDataProperties.m"; sourceTree = "<group>"; };
		B40E4C771F98A52E00EB215D /* LocationAtShop+CoreDataClass.h */ = {isa = PBXFileReference; lastKnownFileType = sourcecode.c.h; path = "LocationAtShop+CoreDataClass.h"; sourceTree = "<group>"; };
		B40E4C781F98A52E00EB215D /* LocationAtShop+CoreDataClass.m */ = {isa = PBXFileReference; lastKnownFileType = sourcecode.c.objc; path = "LocationAtShop+CoreDataClass.m"; sourceTree = "<group>"; };
		B40E4C791F98A52E00EB215D /* LocationAtShop+CoreDataProperties.h */ = {isa = PBXFileReference; lastKnownFileType = sourcecode.c.h; path = "LocationAtShop+CoreDataProperties.h"; sourceTree = "<group>"; };
		B40E4C7A1F98A52E00EB215D /* LocationAtShop+CoreDataProperties.m */ = {isa = PBXFileReference; lastKnownFileType = sourcecode.c.objc; path = "LocationAtShop+CoreDataProperties.m"; sourceTree = "<group>"; };
		B45513F31FAB0EAA00E103A4 /* UnitPickerTF.h */ = {isa = PBXFileReference; lastKnownFileType = sourcecode.c.h; path = UnitPickerTF.h; sourceTree = "<group>"; };
		B45513F41FAB0EAA00E103A4 /* UnitPickerTF.m */ = {isa = PBXFileReference; lastKnownFileType = sourcecode.c.objc; path = UnitPickerTF.m; sourceTree = "<group>"; };
		B45513F61FAB1C1F00E103A4 /* LocationAtHomePickerTF.h */ = {isa = PBXFileReference; lastKnownFileType = sourcecode.c.h; path = LocationAtHomePickerTF.h; sourceTree = "<group>"; };
		B45513F71FAB1C1F00E103A4 /* LocationAtHomePickerTF.m */ = {isa = PBXFileReference; lastKnownFileType = sourcecode.c.objc; path = LocationAtHomePickerTF.m; sourceTree = "<group>"; };
		B45513F91FAB1C3300E103A4 /* LocationAtShopPickerTF.h */ = {isa = PBXFileReference; lastKnownFileType = sourcecode.c.h; path = LocationAtShopPickerTF.h; sourceTree = "<group>"; };
		B45513FA1FAB1C3400E103A4 /* LocationAtShopPickerTF.m */ = {isa = PBXFileReference; lastKnownFileType = sourcecode.c.objc; path = LocationAtShopPickerTF.m; sourceTree = "<group>"; };
		B45D96E51F9477A000E12922 /* Measurement+CoreDataClass.h */ = {isa = PBXFileReference; lastKnownFileType = sourcecode.c.h; path = "Measurement+CoreDataClass.h"; sourceTree = "<group>"; };
		B45D96E61F9477A000E12922 /* Measurement+CoreDataClass.m */ = {isa = PBXFileReference; lastKnownFileType = sourcecode.c.objc; path = "Measurement+CoreDataClass.m"; sourceTree = "<group>"; };
		B45D96E71F9477A000E12922 /* Measurement+CoreDataProperties.h */ = {isa = PBXFileReference; lastKnownFileType = sourcecode.c.h; path = "Measurement+CoreDataProperties.h"; sourceTree = "<group>"; };
		B45D96E81F9477A000E12922 /* Measurement+CoreDataProperties.m */ = {isa = PBXFileReference; lastKnownFileType = sourcecode.c.objc; path = "Measurement+CoreDataProperties.m"; sourceTree = "<group>"; };
		B46C93021FA7255900F7C9EA /* CoreDataPickerTF.h */ = {isa = PBXFileReference; lastKnownFileType = sourcecode.c.h; path = CoreDataPickerTF.h; sourceTree = "<group>"; };
		B46C93031FA7255900F7C9EA /* CoreDataPickerTF.m */ = {isa = PBXFileReference; lastKnownFileType = sourcecode.c.objc; path = CoreDataPickerTF.m; sourceTree = "<group>"; };
		B4BE43C51FA42DDD00B5AF07 /* ShopTVC.h */ = {isa = PBXFileReference; lastKnownFileType = sourcecode.c.h; path = ShopTVC.h; sourceTree = "<group>"; };
		B4BE43C61FA42DDD00B5AF07 /* ShopTVC.m */ = {isa = PBXFileReference; lastKnownFileType = sourcecode.c.objc; path = ShopTVC.m; sourceTree = "<group>"; };
		B4BE43C81FA474C800B5AF07 /* ItemVC.h */ = {isa = PBXFileReference; lastKnownFileType = sourcecode.c.h; path = ItemVC.h; sourceTree = "<group>"; };
		B4BE43C91FA474C800B5AF07 /* ItemVC.m */ = {isa = PBXFileReference; lastKnownFileType = sourcecode.c.objc; path = ItemVC.m; sourceTree = "<group>"; };
		B4BE43CB1FA5FEDA00B5AF07 /* UnitsTVC.h */ = {isa = PBXFileReference; lastKnownFileType = sourcecode.c.h; path = UnitsTVC.h; sourceTree = "<group>"; };
		B4BE43CC1FA5FEDA00B5AF07 /* UnitsTVC.m */ = {isa = PBXFileReference; lastKnownFileType = sourcecode.c.objc; path = UnitsTVC.m; sourceTree = "<group>"; };
		B4BE43CF1FA6027600B5AF07 /* UnitVC.h */ = {isa = PBXFileReference; lastKnownFileType = sourcecode.c.h; path = UnitVC.h; sourceTree = "<group>"; };
		B4BE43D01FA6027600B5AF07 /* UnitVC.m */ = {isa = PBXFileReference; lastKnownFileType = sourcecode.c.objc; path = UnitVC.m; sourceTree = "<group>"; };
		B4BE43D51FA61AF200B5AF07 /* LocationAtHomeVC.h */ = {isa = PBXFileReference; lastKnownFileType = sourcecode.c.h; path = LocationAtHomeVC.h; sourceTree = "<group>"; };
		B4BE43D61FA61AF200B5AF07 /* LocationAtHomeVC.m */ = {isa = PBXFileReference; lastKnownFileType = sourcecode.c.objc; path = LocationAtHomeVC.m; sourceTree = "<group>"; };
		B4BE43D81FA61B0C00B5AF07 /* LocationAtHomeTVC.h */ = {isa = PBXFileReference; lastKnownFileType = sourcecode.c.h; path = LocationAtHomeTVC.h; sourceTree = "<group>"; };
		B4BE43D91FA61B0C00B5AF07 /* LocationAtHomeTVC.m */ = {isa = PBXFileReference; lastKnownFileType = sourcecode.c.objc; path = LocationAtHomeTVC.m; sourceTree = "<group>"; };
		B4BE43DB1FA61B2000B5AF07 /* LocationAtShopTVC.h */ = {isa = PBXFileReference; lastKnownFileType = sourcecode.c.h; path = LocationAtShopTVC.h; sourceTree = "<group>"; };
		B4BE43DC1FA61B2000B5AF07 /* LocationAtShopTVC.m */ = {isa = PBXFileReference; lastKnownFileType = sourcecode.c.objc; path = LocationAtShopTVC.m; sourceTree = "<group>"; };
		B4BE43DE1FA61B3900B5AF07 /* LocationAtShopVC.h */ = {isa = PBXFileReference; lastKnownFileType = sourcecode.c.h; path = LocationAtShopVC.h; sourceTree = "<group>"; };
		B4BE43DF1FA61B3900B5AF07 /* LocationAtShopVC.m */ = {isa = PBXFileReference; lastKnownFileType = sourcecode.c.objc; path = LocationAtShopVC.m; sourceTree = "<group>"; };
/* End PBXFileReference section */

/* Begin PBXFrameworksBuildPhase section */
		843AD90B1F9387D900C787A1 /* Frameworks */ = {
			isa = PBXFrameworksBuildPhase;
			buildActionMask = 2147483647;
			files = (
				843AD9301F9389AB00C787A1 /* CoreData.framework in Frameworks */,
			);
			runOnlyForDeploymentPostprocessing = 0;
		};
/* End PBXFrameworksBuildPhase section */

/* Begin PBXGroup section */
		843AD9051F9387D900C787A1 = {
			isa = PBXGroup;
			children = (
				843AD9101F9387D900C787A1 /* GroceryDude */,
				843AD90F1F9387D900C787A1 /* Products */,
				843AD92E1F9389AA00C787A1 /* Frameworks */,
			);
			sourceTree = "<group>";
		};
		843AD90F1F9387D900C787A1 /* Products */ = {
			isa = PBXGroup;
			children = (
				843AD90E1F9387D900C787A1 /* GroceryDude.app */,
			);
			name = Products;
			sourceTree = "<group>";
		};
		843AD9101F9387D900C787A1 /* GroceryDude */ = {
			isa = PBXGroup;
			children = (
				B40E31371F95E48A00A0A6F5 /* ViewController */,
				B40E31361F95E47900A0A6F5 /* Models */,
				843AD92D1F9388DC00C787A1 /* vador */,
				843AD9111F9387D900C787A1 /* AppDelegate.h */,
				843AD9121F9387D900C787A1 /* AppDelegate.m */,
				843AD9171F9387D900C787A1 /* Main.storyboard */,
				843AD91D1F9387D900C787A1 /* Assets.xcassets */,
				843AD91F1F9387D900C787A1 /* LaunchScreen.storyboard */,
				843AD9221F9387D900C787A1 /* Info.plist */,
				843AD9231F9387D900C787A1 /* main.m */,
				B40E4BFF1F97583A00EB215D /* GroceryDude.xcdatamodeld */,
			);
			path = GroceryDude;
			sourceTree = "<group>";
		};
		843AD92D1F9388DC00C787A1 /* vador */ = {
			isa = PBXGroup;
			children = (
				843AD92A1F9388CA00C787A1 /* CoreDataHelper.h */,
				843AD92B1F9388CA00C787A1 /* CoreDataHelper.m */,
				B46C93021FA7255900F7C9EA /* CoreDataPickerTF.h */,
				B46C93031FA7255900F7C9EA /* CoreDataPickerTF.m */,
				B45513F31FAB0EAA00E103A4 /* UnitPickerTF.h */,
				B45513F41FAB0EAA00E103A4 /* UnitPickerTF.m */,
				B45513F61FAB1C1F00E103A4 /* LocationAtHomePickerTF.h */,
				B45513F71FAB1C1F00E103A4 /* LocationAtHomePickerTF.m */,
				B45513F91FAB1C3300E103A4 /* LocationAtShopPickerTF.h */,
				B45513FA1FAB1C3400E103A4 /* LocationAtShopPickerTF.m */,
			);
			path = vador;
			sourceTree = "<group>";
		};
		843AD92E1F9389AA00C787A1 /* Frameworks */ = {
			isa = PBXGroup;
			children = (
				843AD92F1F9389AB00C787A1 /* CoreData.framework */,
			);
			name = Frameworks;
			sourceTree = "<group>";
		};
		B40E31361F95E47900A0A6F5 /* Models */ = {
			isa = PBXGroup;
			children = (
				B40E4C671F98A52E00EB215D /* Item+CoreDataClass.h */,
				B40E4C681F98A52E00EB215D /* Item+CoreDataClass.m */,
				B40E4C691F98A52E00EB215D /* Item+CoreDataProperties.h */,
				B40E4C6A1F98A52E00EB215D /* Item+CoreDataProperties.m */,
				B40E4C6B1F98A52E00EB215D /* Unit+CoreDataClass.h */,
				B40E4C6C1F98A52E00EB215D /* Unit+CoreDataClass.m */,
				B40E4C6D1F98A52E00EB215D /* Unit+CoreDataProperties.h */,
				B40E4C6E1F98A52E00EB215D /* Unit+CoreDataProperties.m */,
				B40E4C6F1F98A52E00EB215D /* LocationAtHome+CoreDataClass.h */,
				B40E4C701F98A52E00EB215D /* LocationAtHome+CoreDataClass.m */,
				B40E4C711F98A52E00EB215D /* LocationAtHome+CoreDataProperties.h */,
				B40E4C721F98A52E00EB215D /* LocationAtHome+CoreDataProperties.m */,
				B40E4C731F98A52E00EB215D /* Location+CoreDataClass.h */,
				B40E4C741F98A52E00EB215D /* Location+CoreDataClass.m */,
				B40E4C751F98A52E00EB215D /* Location+CoreDataProperties.h */,
				B40E4C761F98A52E00EB215D /* Location+CoreDataProperties.m */,
				B40E4C771F98A52E00EB215D /* LocationAtShop+CoreDataClass.h */,
				B40E4C781F98A52E00EB215D /* LocationAtShop+CoreDataClass.m */,
				B40E4C791F98A52E00EB215D /* LocationAtShop+CoreDataProperties.h */,
				B40E4C7A1F98A52E00EB215D /* LocationAtShop+CoreDataProperties.m */,
				B40E312D1F95DCB800A0A6F5 /* Amount+CoreDataClass.h */,
				B40E312E1F95DCB800A0A6F5 /* Amount+CoreDataClass.m */,
				B40E312F1F95DCB800A0A6F5 /* Amount+CoreDataProperties.h */,
				B40E31301F95DCB800A0A6F5 /* Amount+CoreDataProperties.m */,
				B45D96E51F9477A000E12922 /* Measurement+CoreDataClass.h */,
				B45D96E61F9477A000E12922 /* Measurement+CoreDataClass.m */,
				B45D96E71F9477A000E12922 /* Measurement+CoreDataProperties.h */,
				B45D96E81F9477A000E12922 /* Measurement+CoreDataProperties.m */,
				B40E31331F95DD2C00A0A6F5 /* Model2Model3.xcmappingmodel */,
				B40E31421F97017D00A0A6F5 /* Model3toModel4.xcmappingmodel */,
			);
			path = Models;
			sourceTree = "<group>";
		};
		B40E31371F95E48A00A0A6F5 /* ViewController */ = {
			isa = PBXGroup;
			children = (
				B4BE43D41FA607D100B5AF07 /* LocationAtShop */,
				B4BE43D31FA607CC00B5AF07 /* LocationAtHome */,
				B4BE43CE1FA6025A00B5AF07 /* Unit */,
				B40E31381F95E4C700A0A6F5 /* MigrationVC.h */,
				B40E31391F95E4C700A0A6F5 /* MigrationVC.m */,
				B40E4C611F98468100EB215D /* CoreDataTVC.h */,
				B40E4C621F98468100EB215D /* CoreDataTVC.m */,
				B40E4C641F98552600EB215D /* PrepareTVC.h */,
				B40E4C651F98552600EB215D /* PrepareTVC.m */,
				B4BE43C51FA42DDD00B5AF07 /* ShopTVC.h */,
				B4BE43C61FA42DDD00B5AF07 /* ShopTVC.m */,
				B4BE43C81FA474C800B5AF07 /* ItemVC.h */,
				B4BE43C91FA474C800B5AF07 /* ItemVC.m */,
			);
			path = ViewController;
			sourceTree = "<group>";
		};
		B4BE43CE1FA6025A00B5AF07 /* Unit */ = {
			isa = PBXGroup;
			children = (
				B4BE43CB1FA5FEDA00B5AF07 /* UnitsTVC.h */,
				B4BE43CC1FA5FEDA00B5AF07 /* UnitsTVC.m */,
				B4BE43CF1FA6027600B5AF07 /* UnitVC.h */,
				B4BE43D01FA6027600B5AF07 /* UnitVC.m */,
			);
			path = Unit;
			sourceTree = "<group>";
		};
		B4BE43D31FA607CC00B5AF07 /* LocationAtHome */ = {
			isa = PBXGroup;
			children = (
				B4BE43D81FA61B0C00B5AF07 /* LocationAtHomeTVC.h */,
				B4BE43D91FA61B0C00B5AF07 /* LocationAtHomeTVC.m */,
				B4BE43D51FA61AF200B5AF07 /* LocationAtHomeVC.h */,
				B4BE43D61FA61AF200B5AF07 /* LocationAtHomeVC.m */,
			);
			path = LocationAtHome;
			sourceTree = "<group>";
		};
		B4BE43D41FA607D100B5AF07 /* LocationAtShop */ = {
			isa = PBXGroup;
			children = (
				B4BE43DB1FA61B2000B5AF07 /* LocationAtShopTVC.h */,
				B4BE43DC1FA61B2000B5AF07 /* LocationAtShopTVC.m */,
				B4BE43DE1FA61B3900B5AF07 /* LocationAtShopVC.h */,
				B4BE43DF1FA61B3900B5AF07 /* LocationAtShopVC.m */,
			);
			path = LocationAtShop;
			sourceTree = "<group>";
		};
/* End PBXGroup section */

/* Begin PBXNativeTarget section */
		843AD90D1F9387D900C787A1 /* GroceryDude */ = {
			isa = PBXNativeTarget;
			buildConfigurationList = 843AD9271F9387D900C787A1 /* Build configuration list for PBXNativeTarget "GroceryDude" */;
			buildPhases = (
				843AD90A1F9387D900C787A1 /* Sources */,
				843AD90B1F9387D900C787A1 /* Frameworks */,
				843AD90C1F9387D900C787A1 /* Resources */,
			);
			buildRules = (
			);
			dependencies = (
			);
			name = GroceryDude;
			productName = GroceryDude;
			productReference = 843AD90E1F9387D900C787A1 /* GroceryDude.app */;
			productType = "com.apple.product-type.application";
		};
/* End PBXNativeTarget section */

/* Begin PBXProject section */
		843AD9061F9387D900C787A1 /* Project object */ = {
			isa = PBXProject;
			attributes = {
				LastUpgradeCheck = 0900;
				ORGANIZATIONNAME = taitanxiami;
				TargetAttributes = {
					843AD90D1F9387D900C787A1 = {
						CreatedOnToolsVersion = 9.0;
						ProvisioningStyle = Automatic;
					};
				};
			};
			buildConfigurationList = 843AD9091F9387D900C787A1 /* Build configuration list for PBXProject "GroceryDude" */;
			compatibilityVersion = "Xcode 8.0";
			developmentRegion = en;
			hasScannedForEncodings = 0;
			knownRegions = (
				en,
				Base,
			);
			mainGroup = 843AD9051F9387D900C787A1;
			productRefGroup = 843AD90F1F9387D900C787A1 /* Products */;
			projectDirPath = "";
			projectRoot = "";
			targets = (
				843AD90D1F9387D900C787A1 /* GroceryDude */,
			);
		};
/* End PBXProject section */

/* Begin PBXResourcesBuildPhase section */
		843AD90C1F9387D900C787A1 /* Resources */ = {
			isa = PBXResourcesBuildPhase;
			buildActionMask = 2147483647;
			files = (
				843AD9211F9387D900C787A1 /* LaunchScreen.storyboard in Resources */,
				843AD91E1F9387D900C787A1 /* Assets.xcassets in Resources */,
				843AD9191F9387D900C787A1 /* Main.storyboard in Resources */,
			);
			runOnlyForDeploymentPostprocessing = 0;
		};
/* End PBXResourcesBuildPhase section */

/* Begin PBXSourcesBuildPhase section */
		843AD90A1F9387D900C787A1 /* Sources */ = {
			isa = PBXSourcesBuildPhase;
			buildActionMask = 2147483647;
			files = (
				B45513F81FAB1C1F00E103A4 /* LocationAtHomePickerTF.m in Sources */,
				B40E4C631F98468100EB215D /* CoreDataTVC.m in Sources */,
				B45D96E91F9477A000E12922 /* Measurement+CoreDataClass.m in Sources */,
				B40E4C801F98A52E00EB215D /* LocationAtHome+CoreDataProperties.m in Sources */,
				B40E4C821F98A52E00EB215D /* Location+CoreDataProperties.m in Sources */,
				B40E31311F95DCB800A0A6F5 /* Amount+CoreDataClass.m in Sources */,
				B40E4C811F98A52E00EB215D /* Location+CoreDataClass.m in Sources */,
				B40E4C7D1F98A52E00EB215D /* Unit+CoreDataClass.m in Sources */,
				B40E4C7E1F98A52E00EB215D /* Unit+CoreDataProperties.m in Sources */,
				B45513FB1FAB1C3400E103A4 /* LocationAtShopPickerTF.m in Sources */,
				B46C93041FA7255900F7C9EA /* CoreDataPickerTF.m in Sources */,
				B4BE43CA1FA474C800B5AF07 /* ItemVC.m in Sources */,
				B4BE43D71FA61AF200B5AF07 /* LocationAtHomeVC.m in Sources */,
				B40E4C7C1F98A52E00EB215D /* Item+CoreDataProperties.m in Sources */,
				B40E313A1F95E4C700A0A6F5 /* MigrationVC.m in Sources */,
				B40E31321F95DCB800A0A6F5 /* Amount+CoreDataProperties.m in Sources */,
				B4BE43C71FA42DDD00B5AF07 /* ShopTVC.m in Sources */,
				B40E4C061F97583A00EB215D /* GroceryDude.xcdatamodeld in Sources */,
				B40E4C7B1F98A52E00EB215D /* Item+CoreDataClass.m in Sources */,
				843AD9241F9387D900C787A1 /* main.m in Sources */,
				B40E4C661F98552600EB215D /* PrepareTVC.m in Sources */,
				B4BE43DA1FA61B0C00B5AF07 /* LocationAtHomeTVC.m in Sources */,
				B4BE43DD1FA61B2000B5AF07 /* LocationAtShopTVC.m in Sources */,
				B40E4C7F1F98A52E00EB215D /* LocationAtHome+CoreDataClass.m in Sources */,
				B45513F51FAB0EAA00E103A4 /* UnitPickerTF.m in Sources */,
				B45D96EA1F9477A000E12922 /* Measurement+CoreDataProperties.m in Sources */,
				B4BE43E01FA61B3900B5AF07 /* LocationAtShopVC.m in Sources */,
				B40E31341F95DD2C00A0A6F5 /* Model2Model3.xcmappingmodel in Sources */,
				843AD92C1F9388CA00C787A1 /* CoreDataHelper.m in Sources */,
				B4BE43D11FA6027600B5AF07 /* UnitVC.m in Sources */,
				B4BE43CD1FA5FEDA00B5AF07 /* UnitsTVC.m in Sources */,
				B40E4C831F98A52E00EB215D /* LocationAtShop+CoreDataClass.m in Sources */,
				B40E4C841F98A52E00EB215D /* LocationAtShop+CoreDataProperties.m in Sources */,
				B40E31431F97017D00A0A6F5 /* Model3toModel4.xcmappingmodel in Sources */,
				843AD9131F9387D900C787A1 /* AppDelegate.m in Sources */,
			);
			runOnlyForDeploymentPostprocessing = 0;
		};
/* End PBXSourcesBuildPhase section */

/* Begin PBXVariantGroup section */
		843AD9171F9387D900C787A1 /* Main.storyboard */ = {
			isa = PBXVariantGroup;
			children = (
				843AD9181F9387D900C787A1 /* Base */,
			);
			name = Main.storyboard;
			sourceTree = "<group>";
		};
		843AD91F1F9387D900C787A1 /* LaunchScreen.storyboard */ = {
			isa = PBXVariantGroup;
			children = (
				843AD9201F9387D900C787A1 /* Base */,
			);
			name = LaunchScreen.storyboard;
			sourceTree = "<group>";
		};
/* End PBXVariantGroup section */

/* Begin XCBuildConfiguration section */
		843AD9251F9387D900C787A1 /* Debug */ = {
			isa = XCBuildConfiguration;
			buildSettings = {
				ALWAYS_SEARCH_USER_PATHS = NO;
				CLANG_ANALYZER_NONNULL = YES;
				CLANG_ANALYZER_NUMBER_OBJECT_CONVERSION = YES_AGGRESSIVE;
				CLANG_CXX_LANGUAGE_STANDARD = "gnu++14";
				CLANG_CXX_LIBRARY = "libc++";
				CLANG_ENABLE_MODULES = YES;
				CLANG_ENABLE_OBJC_ARC = YES;
				CLANG_WARN_BLOCK_CAPTURE_AUTORELEASING = YES;
				CLANG_WARN_BOOL_CONVERSION = YES;
				CLANG_WARN_COMMA = YES;
				CLANG_WARN_CONSTANT_CONVERSION = YES;
				CLANG_WARN_DIRECT_OBJC_ISA_USAGE = YES_ERROR;
				CLANG_WARN_DOCUMENTATION_COMMENTS = YES;
				CLANG_WARN_EMPTY_BODY = YES;
				CLANG_WARN_ENUM_CONVERSION = YES;
				CLANG_WARN_INFINITE_RECURSION = YES;
				CLANG_WARN_INT_CONVERSION = YES;
				CLANG_WARN_NON_LITERAL_NULL_CONVERSION = YES;
				CLANG_WARN_OBJC_LITERAL_CONVERSION = YES;
				CLANG_WARN_OBJC_ROOT_CLASS = YES_ERROR;
				CLANG_WARN_RANGE_LOOP_ANALYSIS = YES;
				CLANG_WARN_STRICT_PROTOTYPES = YES;
				CLANG_WARN_SUSPICIOUS_MOVE = YES;
				CLANG_WARN_UNGUARDED_AVAILABILITY = YES_AGGRESSIVE;
				CLANG_WARN_UNREACHABLE_CODE = YES;
				CLANG_WARN__DUPLICATE_METHOD_MATCH = YES;
				CODE_SIGN_IDENTITY = "iPhone Developer";
				COPY_PHASE_STRIP = NO;
				DEBUG_INFORMATION_FORMAT = dwarf;
				ENABLE_STRICT_OBJC_MSGSEND = YES;
				ENABLE_TESTABILITY = YES;
				GCC_C_LANGUAGE_STANDARD = gnu11;
				GCC_DYNAMIC_NO_PIC = NO;
				GCC_NO_COMMON_BLOCKS = YES;
				GCC_OPTIMIZATION_LEVEL = 0;
				GCC_PREPROCESSOR_DEFINITIONS = (
					"DEBUG=1",
					"$(inherited)",
				);
				GCC_WARN_64_TO_32_BIT_CONVERSION = YES;
				GCC_WARN_ABOUT_RETURN_TYPE = YES_ERROR;
				GCC_WARN_UNDECLARED_SELECTOR = YES;
				GCC_WARN_UNINITIALIZED_AUTOS = YES_AGGRESSIVE;
				GCC_WARN_UNUSED_FUNCTION = YES;
				GCC_WARN_UNUSED_VARIABLE = YES;
				IPHONEOS_DEPLOYMENT_TARGET = 11.0;
				MTL_ENABLE_DEBUG_INFO = YES;
				ONLY_ACTIVE_ARCH = YES;
				SDKROOT = iphoneos;
			};
			name = Debug;
		};
		843AD9261F9387D900C787A1 /* Release */ = {
			isa = XCBuildConfiguration;
			buildSettings = {
				ALWAYS_SEARCH_USER_PATHS = NO;
				CLANG_ANALYZER_NONNULL = YES;
				CLANG_ANALYZER_NUMBER_OBJECT_CONVERSION = YES_AGGRESSIVE;
				CLANG_CXX_LANGUAGE_STANDARD = "gnu++14";
				CLANG_CXX_LIBRARY = "libc++";
				CLANG_ENABLE_MODULES = YES;
				CLANG_ENABLE_OBJC_ARC = YES;
				CLANG_WARN_BLOCK_CAPTURE_AUTORELEASING = YES;
				CLANG_WARN_BOOL_CONVERSION = YES;
				CLANG_WARN_COMMA = YES;
				CLANG_WARN_CONSTANT_CONVERSION = YES;
				CLANG_WARN_DIRECT_OBJC_ISA_USAGE = YES_ERROR;
				CLANG_WARN_DOCUMENTATION_COMMENTS = YES;
				CLANG_WARN_EMPTY_BODY = YES;
				CLANG_WARN_ENUM_CONVERSION = YES;
				CLANG_WARN_INFINITE_RECURSION = YES;
				CLANG_WARN_INT_CONVERSION = YES;
				CLANG_WARN_NON_LITERAL_NULL_CONVERSION = YES;
				CLANG_WARN_OBJC_LITERAL_CONVERSION = YES;
				CLANG_WARN_OBJC_ROOT_CLASS = YES_ERROR;
				CLANG_WARN_RANGE_LOOP_ANALYSIS = YES;
				CLANG_WARN_STRICT_PROTOTYPES = YES;
				CLANG_WARN_SUSPICIOUS_MOVE = YES;
				CLANG_WARN_UNGUARDED_AVAILABILITY = YES_AGGRESSIVE;
				CLANG_WARN_UNREACHABLE_CODE = YES;
				CLANG_WARN__DUPLICATE_METHOD_MATCH = YES;
				CODE_SIGN_IDENTITY = "iPhone Developer";
				COPY_PHASE_STRIP = NO;
				DEBUG_INFORMATION_FORMAT = "dwarf-with-dsym";
				ENABLE_NS_ASSERTIONS = NO;
				ENABLE_STRICT_OBJC_MSGSEND = YES;
				GCC_C_LANGUAGE_STANDARD = gnu11;
				GCC_NO_COMMON_BLOCKS = YES;
				GCC_WARN_64_TO_32_BIT_CONVERSION = YES;
				GCC_WARN_ABOUT_RETURN_TYPE = YES_ERROR;
				GCC_WARN_UNDECLARED_SELECTOR = YES;
				GCC_WARN_UNINITIALIZED_AUTOS = YES_AGGRESSIVE;
				GCC_WARN_UNUSED_FUNCTION = YES;
				GCC_WARN_UNUSED_VARIABLE = YES;
				IPHONEOS_DEPLOYMENT_TARGET = 11.0;
				MTL_ENABLE_DEBUG_INFO = NO;
				SDKROOT = iphoneos;
				VALIDATE_PRODUCT = YES;
			};
			name = Release;
		};
		843AD9281F9387D900C787A1 /* Debug */ = {
			isa = XCBuildConfiguration;
			buildSettings = {
				ASSETCATALOG_COMPILER_APPICON_NAME = AppIcon;
				CODE_SIGN_STYLE = Automatic;
				DEVELOPMENT_TEAM = QPDNC8PW8J;
				INFOPLIST_FILE = GroceryDude/Info.plist;
				LD_RUNPATH_SEARCH_PATHS = "$(inherited) @executable_path/Frameworks";
				PRODUCT_BUNDLE_IDENTIFIER = taitanxiami.GroceryDude;
				PRODUCT_NAME = "$(TARGET_NAME)";
				TARGETED_DEVICE_FAMILY = "1,2";
			};
			name = Debug;
		};
		843AD9291F9387D900C787A1 /* Release */ = {
			isa = XCBuildConfiguration;
			buildSettings = {
				ASSETCATALOG_COMPILER_APPICON_NAME = AppIcon;
				CODE_SIGN_STYLE = Automatic;
				DEVELOPMENT_TEAM = QPDNC8PW8J;
				INFOPLIST_FILE = GroceryDude/Info.plist;
				LD_RUNPATH_SEARCH_PATHS = "$(inherited) @executable_path/Frameworks";
				PRODUCT_BUNDLE_IDENTIFIER = taitanxiami.GroceryDude;
				PRODUCT_NAME = "$(TARGET_NAME)";
				TARGETED_DEVICE_FAMILY = "1,2";
			};
			name = Release;
		};
/* End XCBuildConfiguration section */

/* Begin XCConfigurationList section */
		843AD9091F9387D900C787A1 /* Build configuration list for PBXProject "GroceryDude" */ = {
			isa = XCConfigurationList;
			buildConfigurations = (
				843AD9251F9387D900C787A1 /* Debug */,
				843AD9261F9387D900C787A1 /* Release */,
			);
			defaultConfigurationIsVisible = 0;
			defaultConfigurationName = Release;
		};
		843AD9271F9387D900C787A1 /* Build configuration list for PBXNativeTarget "GroceryDude" */ = {
			isa = XCConfigurationList;
			buildConfigurations = (
				843AD9281F9387D900C787A1 /* Debug */,
				843AD9291F9387D900C787A1 /* Release */,
			);
			defaultConfigurationIsVisible = 0;
			defaultConfigurationName = Release;
		};
/* End XCConfigurationList section */

/* Begin XCVersionGroup section */
		B40E4BFF1F97583A00EB215D /* GroceryDude.xcdatamodeld */ = {
			isa = XCVersionGroup;
			children = (
				B40E4C001F97583A00EB215D /* GroceryDude 2.xcdatamodel */,
				B40E4C011F97583A00EB215D /* GroceryDude 3.xcdatamodel */,
				B40E4C021F97583A00EB215D /* GroceryDude 4.xcdatamodel */,
				B40E4C031F97583A00EB215D /* GroceryDude 5.xcdatamodel */,
				B40E4C041F97583A00EB215D /* GroceryDude 6.xcdatamodel */,
				B40E4C051F97583A00EB215D /* GroceryDude.xcdatamodel */,
			);
			currentVersion = B40E4C041F97583A00EB215D /* GroceryDude 6.xcdatamodel */;
			path = GroceryDude.xcdatamodeld;
			sourceTree = "<group>";
			versionGroupType = wrapper.xcdatamodel;
		};
/* End XCVersionGroup section */
	};
	rootObject = 843AD9061F9387D900C787A1 /* Project object */;
}
